
Microsoft Visual Studio Solution File, Format Version 12.00
# Visual Studio 15
VisualStudioVersion = 15.0.28307.168
MinimumVisualStudioVersion = 10.0.40219.1
Project("{FAE04EC0-301F-11D3-BF4B-00C04F79EFBC}") = "SlicerProto", "SlicerProto\SlicerProto.csproj", "{B2478028-D9EC-45C7-BC91-0BF12D07C6C8}"
EndProject
Project("{FAE04EC0-301F-11D3-BF4B-00C04F79EFBC}") = "SlicerProtoTests", "SlicerProtoTests\SlicerProtoTests.csproj", "{7FB05904-602B-4568-9C1C-901BA0ABC4A5}"
EndProject
Global
	GlobalSection(SolutionConfigurationPlatforms) = preSolution
		Debug|Any CPU = Debug|Any CPU
		Release|Any CPU = Release|Any CPU
	EndGlobalSection
	GlobalSection(ProjectConfigurationPlatforms) = postSolution
		{B2478028-D9EC-45C7-BC91-0BF12D07C6C8}.Debug|Any CPU.ActiveCfg = Debug|Any CPU
		{B2478028-D9EC-45C7-BC91-0BF12D07C6C8}.Debug|Any CPU.Build.0 = Debug|Any CPU
		{B2478028-D9EC-45C7-BC91-0BF12D07C6C8}.Release|Any CPU.ActiveCfg = Release|Any CPU
		{B2478028-D9EC-45C7-BC91-0BF12D07C6C8}.Release|Any CPU.Build.0 = Release|Any CPU
		{7FB05904-602B-4568-9C1C-901BA0ABC4A5}.Debug|Any CPU.ActiveCfg = Debug|Any CPU
		{7FB05904-602B-4568-9C1C-901BA0ABC4A5}.Debug|Any CPU.Build.0 = Debug|Any CPU
		{7FB05904-602B-4568-9C1C-901BA0ABC4A5}.Release|Any CPU.ActiveCfg = Release|Any CPU
		{7FB05904-602B-4568-9C1C-901BA0ABC4A5}.Release|Any CPU.Build.0 = Release|Any CPU
	EndGlobalSection
	GlobalSection(SolutionProperties) = preSolution
		HideSolutionNode = FALSE
	EndGlobalSection
	GlobalSection(ExtensibilityGlobals) = postSolution
		SolutionGuid = {0A495B78-3131-469E-8DD8-89F38C9D9221}
	EndGlobalSection
EndGlobal
